<?xml version="1.0" encoding="UTF-8" standalone="yes" ?>
<CodeBlocks_project_file>
	<FileVersion major="1" minor="6" />
	<Project>
		<Option title="shmup" />
		<Option pch_mode="2" />
		<Option compiler="gcc" />
		<Build>
			<Target title="Debug">
				<Option output="bin/Debug/shmup" prefix_auto="1" extension_auto="1" />
				<Option object_output="obj/Debug/" />
				<Option type="0" />
				<Option compiler="gcc" />
				<Compiler>
					<Add option="-g" />
				</Compiler>
			</Target>
			<Target title="Release">
				<Option output="bin/Release/shmup" prefix_auto="1" extension_auto="1" />
				<Option object_output="obj/Release/" />
				<Option type="0" />
				<Option compiler="gcc" />
				<Compiler>
					<Add option="-O2" />
				</Compiler>
				<Linker>
					<Add option="-s" />
					<Add option="-lmingw32  -lSDL2main -lSDL2 -lSDL2_mixer -lSDL2_image" />
					<Add option="-static-libgcc -static-libstdc++" />
				</Linker>
			</Target>
		</Build>
		<Compiler>
			<Add option="-Wall" />
		</Compiler>
		<Unit filename="BASIC/globals.cpp" />
		<Unit filename="BASIC/globals.h" />
		<Unit filename="BASIC/main.cpp" />
		<Unit filename="BASIC/system.cpp" />
		<Unit filename="BASIC/system.h" />
		<Unit filename="CONSTRUCTS/bulletManager.cpp" />
		<Unit filename="CONSTRUCTS/bullets/acceleratingBullet.cpp" />
		<Unit filename="CONSTRUCTS/bullets/acceleratingBullet.h" />
		<Unit filename="CONSTRUCTS/bullets/acceleratingBulletXY.cpp" />
		<Unit filename="CONSTRUCTS/bullets/acceleratingBulletXY.h" />
		<Unit filename="CONSTRUCTS/bullets/basicBullet.cpp" />
		<Unit filename="CONSTRUCTS/bullets/basicBullet.h" />
		<Unit filename="CONSTRUCTS/bullets/bullet.cpp" />
		<Unit filename="CONSTRUCTS/bullets/bullet.h" />
		<Unit filename="CONSTRUCTS/bullets/complexBullet.cpp" />
		<Unit filename="CONSTRUCTS/bullets/complexBullet.h" />
		<Unit filename="CONSTRUCTS/effectManager.cpp" />
		<Unit filename="CONSTRUCTS/effects/basicEffect.cpp" />
		<Unit filename="CONSTRUCTS/effects/basicEffect.h" />
		<Unit filename="CONSTRUCTS/effects/effect.h" />
		<Unit filename="CONSTRUCTS/enemies/basicEnemy.cpp" />
		<Unit filename="CONSTRUCTS/enemies/basicEnemy.h" />
		<Unit filename="CONSTRUCTS/enemies/enemy.cpp" />
		<Unit filename="CONSTRUCTS/enemies/enemy.h" />
		<Unit filename="CONSTRUCTS/enemyManager.cpp" />
		<Unit filename="CONSTRUCTS/managers.h" />
		<Unit filename="CONSTRUCTS/playerManager.cpp" />
		<Unit filename="CONSTRUCTS/player/player.cpp" />
		<Unit filename="CONSTRUCTS/player/player.h" />
		<Unit filename="Config.ini" />
		<Unit filename="README.md" />
		<Unit filename="RESOURCES/images.cpp" />
		<Unit filename="RESOURCES/images.h" />
		<Unit filename="RESOURCES/sound.cpp" />
		<Unit filename="RESOURCES/sound.h" />
		<Unit filename="STATES/game.cpp" />
		<Unit filename="STATES/intro.cpp" />
		<Unit filename="STATES/mainmenu.cpp" />
		<Unit filename="STATES/states.cpp" />
		<Unit filename="STATES/states.h" />
		<Unit filename="UTILITIES/collision.cpp" />
		<Unit filename="UTILITIES/collision.h" />
		<Extensions>
			<code_completion />
			<envvars />
			<debugger />
			<lib_finder disable_auto="1" />
		</Extensions>
	</Project>
</CodeBlocks_project_file>
