<?xml version="1.0" encoding="utf-8"?>
<Project ToolsVersion="4.0" xmlns="http://schemas.microsoft.com/developer/msbuild/2003">
  <ItemGroup>
    <Filter Include="Source Files">
      <UniqueIdentifier>{4FC737F1-C7A5-4376-A066-2A32D752A2FF}</UniqueIdentifier>
      <Extensions>cpp;c;cc;cxx;def;odl;idl;hpj;bat;asm;asmx</Extensions>
    </Filter>
    <Filter Include="Header Files">
      <UniqueIdentifier>{93995380-89BD-4b04-88EB-625FBE52EBFB}</UniqueIdentifier>
      <Extensions>h;hh;hpp;hxx;hm;inl;inc;xsd</Extensions>
    </Filter>
    <Filter Include="Resource Files">
      <UniqueIdentifier>{67DA6AB6-F800-4c08-8B7A-83BB121AAD01}</UniqueIdentifier>
      <Extensions>rc;ico;cur;bmp;dlg;rc2;rct;bin;rgs;gif;jpg;jpeg;jpe;resx;tiff;tif;png;wav;mfcribbon-ms</Extensions>
    </Filter>
  </ItemGroup>
  <ItemGroup>
    <ClCompile Include="UTILITIES\collision.cpp">
      <Filter>Source Files</Filter>
    </ClCompile>
    <ClCompile Include="STATES\exit.cpp">
      <Filter>Source Files</Filter>
    </ClCompile>
    <ClCompile Include="STATES\game.cpp">
      <Filter>Source Files</Filter>
    </ClCompile>
    <ClCompile Include="STATES\intro.cpp">
      <Filter>Source Files</Filter>
    </ClCompile>
    <ClCompile Include="STATES\mainmenu.cpp">
      <Filter>Source Files</Filter>
    </ClCompile>
    <ClCompile Include="STATES\pause.cpp">
      <Filter>Source Files</Filter>
    </ClCompile>
    <ClCompile Include="STATES\states.cpp">
      <Filter>Source Files</Filter>
    </ClCompile>
    <ClCompile Include="STATES\stages\stage1.cpp">
      <Filter>Source Files</Filter>
    </ClCompile>
    <ClCompile Include="RESOURCES\images.cpp">
      <Filter>Source Files</Filter>
    </ClCompile>
    <ClCompile Include="RESOURCES\sound.cpp">
      <Filter>Source Files</Filter>
    </ClCompile>
    <ClCompile Include="CONSTRUCTS\player\player.cpp">
      <Filter>Source Files</Filter>
    </ClCompile>
    <ClCompile Include="CONSTRUCTS\player\playerManager.cpp">
      <Filter>Source Files</Filter>
    </ClCompile>
    <ClCompile Include="CONSTRUCTS\gameGui\gameGui.cpp">
      <Filter>Source Files</Filter>
    </ClCompile>
    <ClCompile Include="CONSTRUCTS\enemies\basicEnemy.cpp">
      <Filter>Source Files</Filter>
    </ClCompile>
    <ClCompile Include="CONSTRUCTS\enemies\enemy.cpp">
      <Filter>Source Files</Filter>
    </ClCompile>
    <ClCompile Include="CONSTRUCTS\enemies\enemyManager.cpp">
      <Filter>Source Files</Filter>
    </ClCompile>
    <ClCompile Include="CONSTRUCTS\effects\basicEffect.cpp">
      <Filter>Source Files</Filter>
    </ClCompile>
    <ClCompile Include="CONSTRUCTS\effects\effectManager.cpp">
      <Filter>Source Files</Filter>
    </ClCompile>
    <ClCompile Include="CONSTRUCTS\bullets\acceleratingBullet.cpp">
      <Filter>Source Files</Filter>
    </ClCompile>
    <ClCompile Include="CONSTRUCTS\bullets\acceleratingBulletXY.cpp">
      <Filter>Source Files</Filter>
    </ClCompile>
    <ClCompile Include="CONSTRUCTS\bullets\basicBullet.cpp">
      <Filter>Source Files</Filter>
    </ClCompile>
    <ClCompile Include="CONSTRUCTS\bullets\bullet.cpp">
      <Filter>Source Files</Filter>
    </ClCompile>
    <ClCompile Include="CONSTRUCTS\bullets\bulletManager.cpp">
      <Filter>Source Files</Filter>
    </ClCompile>
    <ClCompile Include="CONSTRUCTS\bullets\complexBullet.cpp">
      <Filter>Source Files</Filter>
    </ClCompile>
    <ClCompile Include="CONSTRUCTS\background\backgroundManager.cpp">
      <Filter>Source Files</Filter>
    </ClCompile>
    <ClCompile Include="CONSTRUCTS\background\stage1background.cpp">
      <Filter>Source Files</Filter>
    </ClCompile>
    <ClCompile Include="BASIC\globals.cpp">
      <Filter>Source Files</Filter>
    </ClCompile>
    <ClCompile Include="BASIC\main.cpp">
      <Filter>Source Files</Filter>
    </ClCompile>
    <ClCompile Include="BASIC\system.cpp">
      <Filter>Source Files</Filter>
    </ClCompile>
  </ItemGroup>
  <ItemGroup>
    <ClInclude Include="UTILITIES\collision.h">
      <Filter>Header Files</Filter>
    </ClInclude>
    <ClInclude Include="STATES\states.h">
      <Filter>Header Files</Filter>
    </ClInclude>
    <ClInclude Include="STATES\stages\stages.h">
      <Filter>Header Files</Filter>
    </ClInclude>
    <ClInclude Include="RESOURCES\images.h">
      <Filter>Header Files</Filter>
    </ClInclude>
    <ClInclude Include="RESOURCES\sound.h">
      <Filter>Header Files</Filter>
    </ClInclude>
    <ClInclude Include="CONSTRUCTS\managers.h">
      <Filter>Header Files</Filter>
    </ClInclude>
    <ClInclude Include="CONSTRUCTS\player\player.h">
      <Filter>Header Files</Filter>
    </ClInclude>
    <ClInclude Include="CONSTRUCTS\player\playerManager.h">
      <Filter>Header Files</Filter>
    </ClInclude>
    <ClInclude Include="CONSTRUCTS\gameGui\gameGui.h">
      <Filter>Header Files</Filter>
    </ClInclude>
    <ClInclude Include="CONSTRUCTS\enemies\basicEnemy.h">
      <Filter>Header Files</Filter>
    </ClInclude>
    <ClInclude Include="CONSTRUCTS\enemies\enemy.h">
      <Filter>Header Files</Filter>
    </ClInclude>
    <ClInclude Include="CONSTRUCTS\enemies\enemyManager.h">
      <Filter>Header Files</Filter>
    </ClInclude>
    <ClInclude Include="CONSTRUCTS\effects\basicEffect.h">
      <Filter>Header Files</Filter>
    </ClInclude>
    <ClInclude Include="CONSTRUCTS\effects\effect.h">
      <Filter>Header Files</Filter>
    </ClInclude>
    <ClInclude Include="CONSTRUCTS\effects\effectManager.h">
      <Filter>Header Files</Filter>
    </ClInclude>
    <ClInclude Include="CONSTRUCTS\bullets\acceleratingBullet.h">
      <Filter>Header Files</Filter>
    </ClInclude>
    <ClInclude Include="CONSTRUCTS\bullets\acceleratingBulletXY.h">
      <Filter>Header Files</Filter>
    </ClInclude>
    <ClInclude Include="CONSTRUCTS\bullets\basicBullet.h">
      <Filter>Header Files</Filter>
    </ClInclude>
    <ClInclude Include="CONSTRUCTS\bullets\bullet.h">
      <Filter>Header Files</Filter>
    </ClInclude>
    <ClInclude Include="CONSTRUCTS\bullets\bulletManager.h">
      <Filter>Header Files</Filter>
    </ClInclude>
    <ClInclude Include="CONSTRUCTS\bullets\complexBullet.h">
      <Filter>Header Files</Filter>
    </ClInclude>
    <ClInclude Include="CONSTRUCTS\background\backgroundManager.h">
      <Filter>Header Files</Filter>
    </ClInclude>
    <ClInclude Include="CONSTRUCTS\background\backgroundSet.h">
      <Filter>Header Files</Filter>
    </ClInclude>
    <ClInclude Include="CONSTRUCTS\background\stage1background.h">
      <Filter>Header Files</Filter>
    </ClInclude>
    <ClInclude Include="BASIC\globals.h">
      <Filter>Header Files</Filter>
    </ClInclude>
    <ClInclude Include="BASIC\system.h">
      <Filter>Header Files</Filter>
    </ClInclude>
  </ItemGroup>
  <ItemGroup>
    <None Include="Config.ini" />
  </ItemGroup>
  <ItemGroup>
    <Text Include="debugData.txt" />
  </ItemGroup>
</Project>